
Microsoft Visual Studio Solution File, Format Version 12.00
# Visual Studio Version 17
VisualStudioVersion = 17.3.32901.215
MinimumVisualStudioVersion = 10.0.40219.1
Project("{FAE04EC0-301F-11D3-BF4B-00C04F79EFBC}") = "waetherapi", "waetherapi.csproj", "{B1182B36-B54B-4C67-94F9-96BC8060DA9D}"
EndProject
Global
	GlobalSection(SolutionConfigurationPlatforms) = preSolution
		Debug|Any CPU = Debug|Any CPU
		Release|Any CPU = Release|Any CPU
	EndGlobalSection
	GlobalSection(ProjectConfigurationPlatforms) = postSolution
		{B1182B36-B54B-4C67-94F9-96BC8060DA9D}.Debug|Any CPU.ActiveCfg = Debug|Any CPU
		{B1182B36-B54B-4C67-94F9-96BC8060DA9D}.Debug|Any CPU.Build.0 = Debug|Any CPU
		{B1182B36-B54B-4C67-94F9-96BC8060DA9D}.Release|Any CPU.ActiveCfg = Release|Any CPU
		{B1182B36-B54B-4C67-94F9-96BC8060DA9D}.Release|Any CPU.Build.0 = Release|Any CPU
	EndGlobalSection
	GlobalSection(SolutionProperties) = preSolution
		HideSolutionNode = FALSE
	EndGlobalSection
	GlobalSection(ExtensibilityGlobals) = postSolution
		SolutionGuid = {F58E7D84-D907-423C-80B6-8534864842BD}
	EndGlobalSection
EndGlobal
